// !$*UTF8*$!
{
	archiveVersion = 1;
	classes = {
	};
	objectVersion = 46;
	objects = {

/* Begin PBXBuildFile section */
		7105BE2B1F7CF5D900331E6D /* liborxd.dylib in CopyFiles */ = {isa = PBXBuildFile; fileRef = 7105BE291F7CF5CE00331E6D /* liborxd.dylib */; };
		711187431F7E28C80013A56F /* Environment.cpp in Sources */ = {isa = PBXBuildFile; fileRef = 711187411F7E28C80013A56F /* Environment.cpp */; };
		712814831FB09D7E00456037 /* Weapon.cpp in Sources */ = {isa = PBXBuildFile; fileRef = 712814811FB09D7E00456037 /* Weapon.cpp */; };
		71614D131F6FF7C400932B46 /* Pixel Shootout.ini in CopyFiles */ = {isa = PBXBuildFile; fileRef = 71ED0E6F1F6FF4030095D601 /* Pixel Shootout.ini */; };
		71614D141F6FF7C400932B46 /* MainMenu.ini in CopyFiles */ = {isa = PBXBuildFile; fileRef = 71ED0E701F6FF4370095D601 /* MainMenu.ini */; };
		71614D1E1F6FFC5700932B46 /* StaticScene.ini in CopyFiles */ = {isa = PBXBuildFile; fileRef = 71614D1D1F6FFC4F00932B46 /* StaticScene.ini */; };
		716CBE221F790A790034981A /* Player.png in CopyFiles */ = {isa = PBXBuildFile; fileRef = 716CBE211F79077E0034981A /* Player.png */; };
		716CBE251F790D4B0034981A /* Player.cpp in Sources */ = {isa = PBXBuildFile; fileRef = 716CBE231F790D4B0034981A /* Player.cpp */; };
		716CBE281F790E280034981A /* Entity.cpp in Sources */ = {isa = PBXBuildFile; fileRef = 716CBE271F790E280034981A /* Entity.cpp */; };
		716CBE2A1F7913F80034981A /* Entities.ini in CopyFiles */ = {isa = PBXBuildFile; fileRef = 716CBE291F7912C40034981A /* Entities.ini */; };
		716CBE2E1F7918CA0034981A /* Enemy.png in CopyFiles */ = {isa = PBXBuildFile; fileRef = 716CBE2B1F7918990034981A /* Enemy.png */; };
		716CBE311F7918F40034981A /* Enemy.cpp in Sources */ = {isa = PBXBuildFile; fileRef = 716CBE2F1F7918F40034981A /* Enemy.cpp */; };
		716CBE371F79385B0034981A /* Bullet.cpp in Sources */ = {isa = PBXBuildFile; fileRef = 716CBE351F79385B0034981A /* Bullet.cpp */; };
		716CBE381F793A8C0034981A /* Bullet.png in CopyFiles */ = {isa = PBXBuildFile; fileRef = 716CBE341F7936420034981A /* Bullet.png */; };
		717293DB1F8CFE2E00734F1D /* liborx.dylib in CopyFiles */ = {isa = PBXBuildFile; fileRef = 71ED0E681F6FF0F90095D601 /* liborx.dylib */; };
		717293DD1F8D0A1000734F1D /* wall.png in CopyFiles */ = {isa = PBXBuildFile; fileRef = 717293DC1F8D09FB00734F1D /* wall.png */; };
		71A5EEA51FB1DCDD006BAE30 /* Item.cpp in Sources */ = {isa = PBXBuildFile; fileRef = 71A5EEA31FB1DCDD006BAE30 /* Item.cpp */; };
		71A5EEA81FB1DE24006BAE30 /* Obtainable.cpp in Sources */ = {isa = PBXBuildFile; fileRef = 71A5EEA61FB1DE24006BAE30 /* Obtainable.cpp */; };
		71BB1DFB1F90E27400EBC58F /* liborx.dylib in Frameworks */ = {isa = PBXBuildFile; fileRef = 71ED0E681F6FF0F90095D601 /* liborx.dylib */; };
		71E2A3921FA5EC5D000B3764 /* Died.png in CopyFiles */ = {isa = PBXBuildFile; fileRef = 71E2A3911FA5EC55000B3764 /* Died.png */; };
		71E2A3951FA5F013000B3764 /* Character.cpp in Sources */ = {isa = PBXBuildFile; fileRef = 71E2A3931FA5F013000B3764 /* Character.cpp */; };
		71E2A3971FA5F5FC000B3764 /* UI.ini in CopyFiles */ = {isa = PBXBuildFile; fileRef = 71E2A3961FA5F57D000B3764 /* UI.ini */; };
		71ED0E6C1F6FF24B0095D601 /* StandAlone.cpp in Sources */ = {isa = PBXBuildFile; fileRef = 71ED0E6B1F6FF24B0095D601 /* StandAlone.cpp */; };
		71ED0E6E1F6FF3400095D601 /* Main.cpp in Sources */ = {isa = PBXBuildFile; fileRef = 71ED0E6D1F6FF3400095D601 /* Main.cpp */; };
/* End PBXBuildFile section */

/* Begin PBXCopyFilesBuildPhase section */
		71ED0E591F6FF0950095D601 /* CopyFiles */ = {
			isa = PBXCopyFilesBuildPhase;
			buildActionMask = 12;
			dstPath = "";
			dstSubfolderSpec = 16;
			files = (
				71E2A3971FA5F5FC000B3764 /* UI.ini in CopyFiles */,
				717293DD1F8D0A1000734F1D /* wall.png in CopyFiles */,
				71E2A3921FA5EC5D000B3764 /* Died.png in CopyFiles */,
				717293DB1F8CFE2E00734F1D /* liborx.dylib in CopyFiles */,
				7105BE2B1F7CF5D900331E6D /* liborxd.dylib in CopyFiles */,
				716CBE381F793A8C0034981A /* Bullet.png in CopyFiles */,
				716CBE2E1F7918CA0034981A /* Enemy.png in CopyFiles */,
				716CBE2A1F7913F80034981A /* Entities.ini in CopyFiles */,
				716CBE221F790A790034981A /* Player.png in CopyFiles */,
				71614D1E1F6FFC5700932B46 /* StaticScene.ini in CopyFiles */,
				71614D131F6FF7C400932B46 /* Pixel Shootout.ini in CopyFiles */,
				71614D141F6FF7C400932B46 /* MainMenu.ini in CopyFiles */,
			);
			runOnlyForDeploymentPostprocessing = 0;
		};
/* End PBXCopyFilesBuildPhase section */

/* Begin PBXFileReference section */
		7105BE291F7CF5CE00331E6D /* liborxd.dylib */ = {isa = PBXFileReference; lastKnownFileType = "compiled.mach-o.dylib"; path = liborxd.dylib; sourceTree = "<group>"; };
		711187411F7E28C80013A56F /* Environment.cpp */ = {isa = PBXFileReference; fileEncoding = 4; lastKnownFileType = sourcecode.cpp.cpp; path = Environment.cpp; sourceTree = "<group>"; };
		711187421F7E28C80013A56F /* Environment.h */ = {isa = PBXFileReference; fileEncoding = 4; lastKnownFileType = sourcecode.c.h; path = Environment.h; sourceTree = "<group>"; };
		712814811FB09D7E00456037 /* Weapon.cpp */ = {isa = PBXFileReference; lastKnownFileType = sourcecode.cpp.cpp; path = Weapon.cpp; sourceTree = "<group>"; };
		712814821FB09D7E00456037 /* Weapon.h */ = {isa = PBXFileReference; lastKnownFileType = sourcecode.c.h; path = Weapon.h; sourceTree = "<group>"; };
		71612EB61F6FF4BD00932B46 /* orxAnim.h */ = {isa = PBXFileReference; fileEncoding = 4; lastKnownFileType = sourcecode.c.h; path = orxAnim.h; sourceTree = "<group>"; };
		71612EB71F6FF4BD00932B46 /* orxAnimPointer.h */ = {isa = PBXFileReference; fileEncoding = 4; lastKnownFileType = sourcecode.c.h; path = orxAnimPointer.h; sourceTree = "<group>"; };
		71612EB81F6FF4BD00932B46 /* orxAnimSet.h */ = {isa = PBXFileReference; fileEncoding = 4; lastKnownFileType = sourcecode.c.h; path = orxAnimSet.h; sourceTree = "<group>"; };
		71612EBA1F6FF4BD00932B46 /* orxBuild.h */ = {isa = PBXFileReference; fileEncoding = 4; lastKnownFileType = sourcecode.c.h; path = orxBuild.h; sourceTree = "<group>"; };
		71612EBB1F6FF4BD00932B46 /* orxDecl.h */ = {isa = PBXFileReference; fileEncoding = 4; lastKnownFileType = sourcecode.c.h; path = orxDecl.h; sourceTree = "<group>"; };
		71612EBC1F6FF4BD00932B46 /* orxModule.h */ = {isa = PBXFileReference; fileEncoding = 4; lastKnownFileType = sourcecode.c.h; path = orxModule.h; sourceTree = "<group>"; };
		71612EBD1F6FF4BD00932B46 /* orxType.h */ = {isa = PBXFileReference; fileEncoding = 4; lastKnownFileType = sourcecode.c.h; path = orxType.h; sourceTree = "<group>"; };
		71612EBE1F6FF4BD00932B46 /* orxVersion.h */ = {isa = PBXFileReference; fileEncoding = 4; lastKnownFileType = sourcecode.c.h; path = orxVersion.h; sourceTree = "<group>"; };
		71612EC01F6FF4BD00932B46 /* orxClock.h */ = {isa = PBXFileReference; fileEncoding = 4; lastKnownFileType = sourcecode.c.h; path = orxClock.h; sourceTree = "<group>"; };
		71612EC11F6FF4BD00932B46 /* orxCommand.h */ = {isa = PBXFileReference; fileEncoding = 4; lastKnownFileType = sourcecode.c.h; path = orxCommand.h; sourceTree = "<group>"; };
		71612EC21F6FF4BD00932B46 /* orxConfig.h */ = {isa = PBXFileReference; fileEncoding = 4; lastKnownFileType = sourcecode.c.h; path = orxConfig.h; sourceTree = "<group>"; };
		71612EC31F6FF4BD00932B46 /* orxConsole.h */ = {isa = PBXFileReference; fileEncoding = 4; lastKnownFileType = sourcecode.c.h; path = orxConsole.h; sourceTree = "<group>"; };
		71612EC41F6FF4BD00932B46 /* orxEvent.h */ = {isa = PBXFileReference; fileEncoding = 4; lastKnownFileType = sourcecode.c.h; path = orxEvent.h; sourceTree = "<group>"; };
		71612EC51F6FF4BD00932B46 /* orxLocale.h */ = {isa = PBXFileReference; fileEncoding = 4; lastKnownFileType = sourcecode.c.h; path = orxLocale.h; sourceTree = "<group>"; };
		71612EC61F6FF4BD00932B46 /* orxResource.h */ = {isa = PBXFileReference; fileEncoding = 4; lastKnownFileType = sourcecode.c.h; path = orxResource.h; sourceTree = "<group>"; };
		71612EC71F6FF4BD00932B46 /* orxSystem.h */ = {isa = PBXFileReference; fileEncoding = 4; lastKnownFileType = sourcecode.c.h; path = orxSystem.h; sourceTree = "<group>"; };
		71612EC81F6FF4BD00932B46 /* orxThread.h */ = {isa = PBXFileReference; fileEncoding = 4; lastKnownFileType = sourcecode.c.h; path = orxThread.h; sourceTree = "<group>"; };
		71612ECA1F6FF4BD00932B46 /* orxDebug.h */ = {isa = PBXFileReference; fileEncoding = 4; lastKnownFileType = sourcecode.c.h; path = orxDebug.h; sourceTree = "<group>"; };
		71612ECB1F6FF4BD00932B46 /* orxFPS.h */ = {isa = PBXFileReference; fileEncoding = 4; lastKnownFileType = sourcecode.c.h; path = orxFPS.h; sourceTree = "<group>"; };
		71612ECC1F6FF4BD00932B46 /* orxProfiler.h */ = {isa = PBXFileReference; fileEncoding = 4; lastKnownFileType = sourcecode.c.h; path = orxProfiler.h; sourceTree = "<group>"; };
		71612ECE1F6FF4BD00932B46 /* orxDisplay.h */ = {isa = PBXFileReference; fileEncoding = 4; lastKnownFileType = sourcecode.c.h; path = orxDisplay.h; sourceTree = "<group>"; };
		71612ECF1F6FF4BD00932B46 /* orxFont.h */ = {isa = PBXFileReference; fileEncoding = 4; lastKnownFileType = sourcecode.c.h; path = orxFont.h; sourceTree = "<group>"; };
		71612ED01F6FF4BD00932B46 /* orxGraphic.h */ = {isa = PBXFileReference; fileEncoding = 4; lastKnownFileType = sourcecode.c.h; path = orxGraphic.h; sourceTree = "<group>"; };
		71612ED11F6FF4BD00932B46 /* orxScreenshot.h */ = {isa = PBXFileReference; fileEncoding = 4; lastKnownFileType = sourcecode.c.h; path = orxScreenshot.h; sourceTree = "<group>"; };
		71612ED21F6FF4BD00932B46 /* orxText.h */ = {isa = PBXFileReference; fileEncoding = 4; lastKnownFileType = sourcecode.c.h; path = orxText.h; sourceTree = "<group>"; };
		71612ED31F6FF4BD00932B46 /* orxTexture.h */ = {isa = PBXFileReference; fileEncoding = 4; lastKnownFileType = sourcecode.c.h; path = orxTexture.h; sourceTree = "<group>"; };
		71614CD41F6FF4C300932B46 /* orxFile.h */ = {isa = PBXFileReference; fileEncoding = 4; lastKnownFileType = sourcecode.c.h; path = orxFile.h; sourceTree = "<group>"; };
		71614CD51F6FF4C300932B46 /* orxInput.h */ = {isa = PBXFileReference; fileEncoding = 4; lastKnownFileType = sourcecode.c.h; path = orxInput.h; sourceTree = "<group>"; };
		71614CD61F6FF4C300932B46 /* orxJoystick.h */ = {isa = PBXFileReference; fileEncoding = 4; lastKnownFileType = sourcecode.c.h; path = orxJoystick.h; sourceTree = "<group>"; };
		71614CD71F6FF4C300932B46 /* orxKeyboard.h */ = {isa = PBXFileReference; fileEncoding = 4; lastKnownFileType = sourcecode.c.h; path = orxKeyboard.h; sourceTree = "<group>"; };
		71614CD81F6FF4C300932B46 /* orxMouse.h */ = {isa = PBXFileReference; fileEncoding = 4; lastKnownFileType = sourcecode.c.h; path = orxMouse.h; sourceTree = "<group>"; };
		71614CDA1F6FF4C300932B46 /* orxAndroid.h */ = {isa = PBXFileReference; fileEncoding = 4; lastKnownFileType = sourcecode.c.h; path = orxAndroid.h; sourceTree = "<group>"; };
		71614CDB1F6FF4C300932B46 /* orxParam.h */ = {isa = PBXFileReference; fileEncoding = 4; lastKnownFileType = sourcecode.c.h; path = orxParam.h; sourceTree = "<group>"; };
		71614CDD1F6FF4C300932B46 /* orxAABox.h */ = {isa = PBXFileReference; fileEncoding = 4; lastKnownFileType = sourcecode.c.h; path = orxAABox.h; sourceTree = "<group>"; };
		71614CDE1F6FF4C300932B46 /* orxMath.h */ = {isa = PBXFileReference; fileEncoding = 4; lastKnownFileType = sourcecode.c.h; path = orxMath.h; sourceTree = "<group>"; };
		71614CDF1F6FF4C300932B46 /* orxOBox.h */ = {isa = PBXFileReference; fileEncoding = 4; lastKnownFileType = sourcecode.c.h; path = orxOBox.h; sourceTree = "<group>"; };
		71614CE01F6FF4C300932B46 /* orxVector.h */ = {isa = PBXFileReference; fileEncoding = 4; lastKnownFileType = sourcecode.c.h; path = orxVector.h; sourceTree = "<group>"; };
		71614CE21F6FF4C300932B46 /* orxBank.h */ = {isa = PBXFileReference; fileEncoding = 4; lastKnownFileType = sourcecode.c.h; path = orxBank.h; sourceTree = "<group>"; };
		71614CE31F6FF4C300932B46 /* orxMemory.h */ = {isa = PBXFileReference; fileEncoding = 4; lastKnownFileType = sourcecode.c.h; path = orxMemory.h; sourceTree = "<group>"; };
		71614CE51F6FF4C300932B46 /* orxFrame.h */ = {isa = PBXFileReference; fileEncoding = 4; lastKnownFileType = sourcecode.c.h; path = orxFrame.h; sourceTree = "<group>"; };
		71614CE61F6FF4C300932B46 /* orxFX.h */ = {isa = PBXFileReference; fileEncoding = 4; lastKnownFileType = sourcecode.c.h; path = orxFX.h; sourceTree = "<group>"; };
		71614CE71F6FF4C300932B46 /* orxFXPointer.h */ = {isa = PBXFileReference; fileEncoding = 4; lastKnownFileType = sourcecode.c.h; path = orxFXPointer.h; sourceTree = "<group>"; };
		71614CE81F6FF4C300932B46 /* orxObject.h */ = {isa = PBXFileReference; fileEncoding = 4; lastKnownFileType = sourcecode.c.h; path = orxObject.h; sourceTree = "<group>"; };
		71614CE91F6FF4C300932B46 /* orxSpawner.h */ = {isa = PBXFileReference; fileEncoding = 4; lastKnownFileType = sourcecode.c.h; path = orxSpawner.h; sourceTree = "<group>"; };
		71614CEA1F6FF4C300932B46 /* orxStructure.h */ = {isa = PBXFileReference; fileEncoding = 4; lastKnownFileType = sourcecode.c.h; path = orxStructure.h; sourceTree = "<group>"; };
		71614CEB1F6FF4C300932B46 /* orxTimeLine.h */ = {isa = PBXFileReference; fileEncoding = 4; lastKnownFileType = sourcecode.c.h; path = orxTimeLine.h; sourceTree = "<group>"; };
		71614CEC1F6FF4C300932B46 /* orx.h */ = {isa = PBXFileReference; fileEncoding = 4; lastKnownFileType = sourcecode.c.h; path = orx.h; sourceTree = "<group>"; };
		71614CED1F6FF4C300932B46 /* orxInclude.h */ = {isa = PBXFileReference; fileEncoding = 4; lastKnownFileType = sourcecode.c.h; path = orxInclude.h; sourceTree = "<group>"; };
		71614CEE1F6FF4C300932B46 /* orxKernel.h */ = {isa = PBXFileReference; fileEncoding = 4; lastKnownFileType = sourcecode.c.h; path = orxKernel.h; sourceTree = "<group>"; };
		71614CEF1F6FF4C300932B46 /* orxPluginAPI.h */ = {isa = PBXFileReference; fileEncoding = 4; lastKnownFileType = sourcecode.c.h; path = orxPluginAPI.h; sourceTree = "<group>"; };
		71614CF01F6FF4C300932B46 /* orxUtils.h */ = {isa = PBXFileReference; fileEncoding = 4; lastKnownFileType = sourcecode.c.h; path = orxUtils.h; sourceTree = "<group>"; };
		71614CF21F6FF4C300932B46 /* orxBody.h */ = {isa = PBXFileReference; fileEncoding = 4; lastKnownFileType = sourcecode.c.h; path = orxBody.h; sourceTree = "<group>"; };
		71614CF31F6FF4C300932B46 /* orxPhysics.h */ = {isa = PBXFileReference; fileEncoding = 4; lastKnownFileType = sourcecode.c.h; path = orxPhysics.h; sourceTree = "<group>"; };
		71614CF61F6FF4C400932B46 /* orxPlugin_CoreDefine.h */ = {isa = PBXFileReference; fileEncoding = 4; lastKnownFileType = sourcecode.c.h; path = orxPlugin_CoreDefine.h; sourceTree = "<group>"; };
		71614CF71F6FF4C400932B46 /* orxPlugin_CoreID.h */ = {isa = PBXFileReference; fileEncoding = 4; lastKnownFileType = sourcecode.c.h; path = orxPlugin_CoreID.h; sourceTree = "<group>"; };
		71614CF81F6FF4C400932B46 /* orxPlugin_Display.h */ = {isa = PBXFileReference; fileEncoding = 4; lastKnownFileType = sourcecode.c.h; path = orxPlugin_Display.h; sourceTree = "<group>"; };
		71614CF91F6FF4C400932B46 /* orxPlugin_Joystick.h */ = {isa = PBXFileReference; fileEncoding = 4; lastKnownFileType = sourcecode.c.h; path = orxPlugin_Joystick.h; sourceTree = "<group>"; };
		71614CFA1F6FF4C400932B46 /* orxPlugin_Keyboard.h */ = {isa = PBXFileReference; fileEncoding = 4; lastKnownFileType = sourcecode.c.h; path = orxPlugin_Keyboard.h; sourceTree = "<group>"; };
		71614CFB1F6FF4C400932B46 /* orxPlugin_Mouse.h */ = {isa = PBXFileReference; fileEncoding = 4; lastKnownFileType = sourcecode.c.h; path = orxPlugin_Mouse.h; sourceTree = "<group>"; };
		71614CFC1F6FF4C400932B46 /* orxPlugin_Physics.h */ = {isa = PBXFileReference; fileEncoding = 4; lastKnownFileType = sourcecode.c.h; path = orxPlugin_Physics.h; sourceTree = "<group>"; };
		71614CFD1F6FF4C400932B46 /* orxPlugin_Render.h */ = {isa = PBXFileReference; fileEncoding = 4; lastKnownFileType = sourcecode.c.h; path = orxPlugin_Render.h; sourceTree = "<group>"; };
		71614CFE1F6FF4C400932B46 /* orxPlugin_SoundSystem.h */ = {isa = PBXFileReference; fileEncoding = 4; lastKnownFileType = sourcecode.c.h; path = orxPlugin_SoundSystem.h; sourceTree = "<group>"; };
		71614CFF1F6FF4C400932B46 /* orxPlugin.h */ = {isa = PBXFileReference; fileEncoding = 4; lastKnownFileType = sourcecode.c.h; path = orxPlugin.h; sourceTree = "<group>"; };
		71614D001F6FF4C400932B46 /* orxPluginCore.h */ = {isa = PBXFileReference; fileEncoding = 4; lastKnownFileType = sourcecode.c.h; path = orxPluginCore.h; sourceTree = "<group>"; };
		71614D011F6FF4C400932B46 /* orxPluginType.h */ = {isa = PBXFileReference; fileEncoding = 4; lastKnownFileType = sourcecode.c.h; path = orxPluginType.h; sourceTree = "<group>"; };
		71614D021F6FF4C400932B46 /* orxPluginUser.h */ = {isa = PBXFileReference; fileEncoding = 4; lastKnownFileType = sourcecode.c.h; path = orxPluginUser.h; sourceTree = "<group>"; };
		71614D041F6FF4C400932B46 /* orxCamera.h */ = {isa = PBXFileReference; fileEncoding = 4; lastKnownFileType = sourcecode.c.h; path = orxCamera.h; sourceTree = "<group>"; };
		71614D051F6FF4C400932B46 /* orxRender.h */ = {isa = PBXFileReference; fileEncoding = 4; lastKnownFileType = sourcecode.c.h; path = orxRender.h; sourceTree = "<group>"; };
		71614D061F6FF4C400932B46 /* orxShader.h */ = {isa = PBXFileReference; fileEncoding = 4; lastKnownFileType = sourcecode.c.h; path = orxShader.h; sourceTree = "<group>"; };
		71614D071F6FF4C400932B46 /* orxShaderPointer.h */ = {isa = PBXFileReference; fileEncoding = 4; lastKnownFileType = sourcecode.c.h; path = orxShaderPointer.h; sourceTree = "<group>"; };
		71614D081F6FF4C400932B46 /* orxViewport.h */ = {isa = PBXFileReference; fileEncoding = 4; lastKnownFileType = sourcecode.c.h; path = orxViewport.h; sourceTree = "<group>"; };
		71614D0A1F6FF4C400932B46 /* orxSound.h */ = {isa = PBXFileReference; fileEncoding = 4; lastKnownFileType = sourcecode.c.h; path = orxSound.h; sourceTree = "<group>"; };
		71614D0B1F6FF4C400932B46 /* orxSoundPointer.h */ = {isa = PBXFileReference; fileEncoding = 4; lastKnownFileType = sourcecode.c.h; path = orxSoundPointer.h; sourceTree = "<group>"; };
		71614D0C1F6FF4C400932B46 /* orxSoundSystem.h */ = {isa = PBXFileReference; fileEncoding = 4; lastKnownFileType = sourcecode.c.h; path = orxSoundSystem.h; sourceTree = "<group>"; };
		71614D0E1F6FF4C400932B46 /* orxHashTable.h */ = {isa = PBXFileReference; fileEncoding = 4; lastKnownFileType = sourcecode.c.h; path = orxHashTable.h; sourceTree = "<group>"; };
		71614D0F1F6FF4C400932B46 /* orxLinkList.h */ = {isa = PBXFileReference; fileEncoding = 4; lastKnownFileType = sourcecode.c.h; path = orxLinkList.h; sourceTree = "<group>"; };
		71614D101F6FF4C400932B46 /* orxString.h */ = {isa = PBXFileReference; fileEncoding = 4; lastKnownFileType = sourcecode.c.h; path = orxString.h; sourceTree = "<group>"; };
		71614D111F6FF4C400932B46 /* orxTree.h */ = {isa = PBXFileReference; fileEncoding = 4; lastKnownFileType = sourcecode.c.h; path = orxTree.h; sourceTree = "<group>"; };
		71614D161F6FF9CC00932B46 /* README.md */ = {isa = PBXFileReference; fileEncoding = 4; lastKnownFileType = net.daringfireball.markdown; path = README.md; sourceTree = "<group>"; };
		71614D181F6FFA7700932B46 /* LICENSE */ = {isa = PBXFileReference; fileEncoding = 4; lastKnownFileType = text; path = LICENSE; sourceTree = "<group>"; };
		71614D1D1F6FFC4F00932B46 /* StaticScene.ini */ = {isa = PBXFileReference; fileEncoding = 4; lastKnownFileType = text; path = StaticScene.ini; sourceTree = "<group>"; };
		716CBE211F79077E0034981A /* Player.png */ = {isa = PBXFileReference; lastKnownFileType = image.png; path = Player.png; sourceTree = "<group>"; };
		716CBE231F790D4B0034981A /* Player.cpp */ = {isa = PBXFileReference; fileEncoding = 4; lastKnownFileType = sourcecode.cpp.cpp; path = Player.cpp; sourceTree = "<group>"; };
		716CBE241F790D4B0034981A /* Player.h */ = {isa = PBXFileReference; fileEncoding = 4; lastKnownFileType = sourcecode.c.h; path = Player.h; sourceTree = "<group>"; };
		716CBE261F790E1F0034981A /* Entity.h */ = {isa = PBXFileReference; lastKnownFileType = sourcecode.c.h; path = Entity.h; sourceTree = "<group>"; };
		716CBE271F790E280034981A /* Entity.cpp */ = {isa = PBXFileReference; fileEncoding = 4; lastKnownFileType = sourcecode.cpp.cpp; path = Entity.cpp; sourceTree = "<group>"; };
		716CBE291F7912C40034981A /* Entities.ini */ = {isa = PBXFileReference; fileEncoding = 4; lastKnownFileType = text; path = Entities.ini; sourceTree = "<group>"; };
		716CBE2B1F7918990034981A /* Enemy.png */ = {isa = PBXFileReference; lastKnownFileType = image.png; path = Enemy.png; sourceTree = "<group>"; };
		716CBE2F1F7918F40034981A /* Enemy.cpp */ = {isa = PBXFileReference; fileEncoding = 4; lastKnownFileType = sourcecode.cpp.cpp; path = Enemy.cpp; sourceTree = "<group>"; };
		716CBE301F7918F40034981A /* Enemy.h */ = {isa = PBXFileReference; fileEncoding = 4; lastKnownFileType = sourcecode.c.h; path = Enemy.h; sourceTree = "<group>"; };
		716CBE341F7936420034981A /* Bullet.png */ = {isa = PBXFileReference; lastKnownFileType = image.png; path = Bullet.png; sourceTree = "<group>"; };
		716CBE351F79385B0034981A /* Bullet.cpp */ = {isa = PBXFileReference; fileEncoding = 4; lastKnownFileType = sourcecode.cpp.cpp; path = Bullet.cpp; sourceTree = "<group>"; };
		716CBE361F79385B0034981A /* Bullet.h */ = {isa = PBXFileReference; fileEncoding = 4; lastKnownFileType = sourcecode.c.h; path = Bullet.h; sourceTree = "<group>"; };
		717293DC1F8D09FB00734F1D /* wall.png */ = {isa = PBXFileReference; lastKnownFileType = image.png; path = wall.png; sourceTree = "<group>"; };
		71A5EEA31FB1DCDD006BAE30 /* Item.cpp */ = {isa = PBXFileReference; lastKnownFileType = sourcecode.cpp.cpp; path = Item.cpp; sourceTree = "<group>"; };
		71A5EEA41FB1DCDD006BAE30 /* Item.h */ = {isa = PBXFileReference; lastKnownFileType = sourcecode.c.h; path = Item.h; sourceTree = "<group>"; };
		71A5EEA61FB1DE24006BAE30 /* Obtainable.cpp */ = {isa = PBXFileReference; lastKnownFileType = sourcecode.cpp.cpp; path = Obtainable.cpp; sourceTree = "<group>"; };
		71A5EEA71FB1DE24006BAE30 /* Obtainable.h */ = {isa = PBXFileReference; lastKnownFileType = sourcecode.c.h; path = Obtainable.h; sourceTree = "<group>"; };
		71E2A38D1FA5B6F1000B3764 /* Info.plist */ = {isa = PBXFileReference; lastKnownFileType = text.plist.xml; path = Info.plist; sourceTree = "<group>"; };
		71E2A38E1FA5B7E1000B3764 /* version.plist */ = {isa = PBXFileReference; lastKnownFileType = text.plist.xml; path = version.plist; sourceTree = "<group>"; };
		71E2A3911FA5EC55000B3764 /* Died.png */ = {isa = PBXFileReference; lastKnownFileType = image.png; path = Died.png; sourceTree = "<group>"; };
		71E2A3931FA5F013000B3764 /* Character.cpp */ = {isa = PBXFileReference; lastKnownFileType = sourcecode.cpp.cpp; path = Character.cpp; sourceTree = "<group>"; };
		71E2A3941FA5F013000B3764 /* Character.h */ = {isa = PBXFileReference; lastKnownFileType = sourcecode.c.h; path = Character.h; sourceTree = "<group>"; };
		71E2A3961FA5F57D000B3764 /* UI.ini */ = {isa = PBXFileReference; lastKnownFileType = text; path = UI.ini; sourceTree = "<group>"; };
		71ED0E5B1F6FF0950095D601 /* Pixel Shootout */ = {isa = PBXFileReference; explicitFileType = "compiled.mach-o.executable"; includeInIndex = 0; path = "Pixel Shootout"; sourceTree = BUILT_PRODUCTS_DIR; };
		71ED0E681F6FF0F90095D601 /* liborx.dylib */ = {isa = PBXFileReference; lastKnownFileType = "compiled.mach-o.dylib"; path = liborx.dylib; sourceTree = "<group>"; };
		71ED0E6A1F6FF1920095D601 /* StandAlone.h */ = {isa = PBXFileReference; lastKnownFileType = sourcecode.c.h; path = StandAlone.h; sourceTree = "<group>"; };
		71ED0E6B1F6FF24B0095D601 /* StandAlone.cpp */ = {isa = PBXFileReference; fileEncoding = 4; lastKnownFileType = sourcecode.cpp.cpp; path = StandAlone.cpp; sourceTree = "<group>"; };
		71ED0E6D1F6FF3400095D601 /* Main.cpp */ = {isa = PBXFileReference; fileEncoding = 4; lastKnownFileType = sourcecode.cpp.cpp; path = Main.cpp; sourceTree = "<group>"; };
		71ED0E6F1F6FF4030095D601 /* Pixel Shootout.ini */ = {isa = PBXFileReference; fileEncoding = 4; lastKnownFileType = text; path = "Pixel Shootout.ini"; sourceTree = "<group>"; };
		71ED0E701F6FF4370095D601 /* MainMenu.ini */ = {isa = PBXFileReference; fileEncoding = 4; lastKnownFileType = text; path = MainMenu.ini; sourceTree = "<group>"; };
/* End PBXFileReference section */

/* Begin PBXFrameworksBuildPhase section */
		71ED0E581F6FF0950095D601 /* Frameworks */ = {
			isa = PBXFrameworksBuildPhase;
			buildActionMask = 2147483647;
			files = (
				71BB1DFB1F90E27400EBC58F /* liborx.dylib in Frameworks */,
			);
			runOnlyForDeploymentPostprocessing = 0;
		};
/* End PBXFrameworksBuildPhase section */

/* Begin PBXGroup section */
		712814801FB09CE600456037 /* Combat */ = {
			isa = PBXGroup;
			children = (
				716CBE361F79385B0034981A /* Bullet.h */,
				716CBE351F79385B0034981A /* Bullet.cpp */,
				712814821FB09D7E00456037 /* Weapon.h */,
				712814811FB09D7E00456037 /* Weapon.cpp */,
			);
			path = Combat;
			sourceTree = "<group>";
		};
		71612EB41F6FF4BD00932B46 /* inc */ = {
			isa = PBXGroup;
			children = (
				71612EB51F6FF4BD00932B46 /* anim */,
				71612EB91F6FF4BD00932B46 /* base */,
				71612EBF1F6FF4BD00932B46 /* core */,
				71612EC91F6FF4BD00932B46 /* debug */,
				71612ECD1F6FF4BD00932B46 /* display */,
				71614CD31F6FF4C300932B46 /* io */,
				71614CD91F6FF4C300932B46 /* main */,
				71614CDC1F6FF4C300932B46 /* math */,
				71614CE11F6FF4C300932B46 /* memory */,
				71614CE41F6FF4C300932B46 /* object */,
				71614CEC1F6FF4C300932B46 /* orx.h */,
				71614CED1F6FF4C300932B46 /* orxInclude.h */,
				71614CEE1F6FF4C300932B46 /* orxKernel.h */,
				71614CEF1F6FF4C300932B46 /* orxPluginAPI.h */,
				71614CF01F6FF4C300932B46 /* orxUtils.h */,
				71614CF11F6FF4C300932B46 /* physics */,
				71614CF41F6FF4C300932B46 /* plugin */,
				71614D031F6FF4C400932B46 /* render */,
				71614D091F6FF4C400932B46 /* sound */,
				71614D0D1F6FF4C400932B46 /* utils */,
			);
			path = inc;
			sourceTree = "<group>";
		};
		71612EB51F6FF4BD00932B46 /* anim */ = {
			isa = PBXGroup;
			children = (
				71612EB61F6FF4BD00932B46 /* orxAnim.h */,
				71612EB71F6FF4BD00932B46 /* orxAnimPointer.h */,
				71612EB81F6FF4BD00932B46 /* orxAnimSet.h */,
			);
			path = anim;
			sourceTree = "<group>";
		};
		71612EB91F6FF4BD00932B46 /* base */ = {
			isa = PBXGroup;
			children = (
				71612EBA1F6FF4BD00932B46 /* orxBuild.h */,
				71612EBB1F6FF4BD00932B46 /* orxDecl.h */,
				71612EBC1F6FF4BD00932B46 /* orxModule.h */,
				71612EBD1F6FF4BD00932B46 /* orxType.h */,
				71612EBE1F6FF4BD00932B46 /* orxVersion.h */,
			);
			path = base;
			sourceTree = "<group>";
		};
		71612EBF1F6FF4BD00932B46 /* core */ = {
			isa = PBXGroup;
			children = (
				71612EC01F6FF4BD00932B46 /* orxClock.h */,
				71612EC11F6FF4BD00932B46 /* orxCommand.h */,
				71612EC21F6FF4BD00932B46 /* orxConfig.h */,
				71612EC31F6FF4BD00932B46 /* orxConsole.h */,
				71612EC41F6FF4BD00932B46 /* orxEvent.h */,
				71612EC51F6FF4BD00932B46 /* orxLocale.h */,
				71612EC61F6FF4BD00932B46 /* orxResource.h */,
				71612EC71F6FF4BD00932B46 /* orxSystem.h */,
				71612EC81F6FF4BD00932B46 /* orxThread.h */,
			);
			path = core;
			sourceTree = "<group>";
		};
		71612EC91F6FF4BD00932B46 /* debug */ = {
			isa = PBXGroup;
			children = (
				71612ECA1F6FF4BD00932B46 /* orxDebug.h */,
				71612ECB1F6FF4BD00932B46 /* orxFPS.h */,
				71612ECC1F6FF4BD00932B46 /* orxProfiler.h */,
			);
			path = debug;
			sourceTree = "<group>";
		};
		71612ECD1F6FF4BD00932B46 /* display */ = {
			isa = PBXGroup;
			children = (
				71612ECE1F6FF4BD00932B46 /* orxDisplay.h */,
				71612ECF1F6FF4BD00932B46 /* orxFont.h */,
				71612ED01F6FF4BD00932B46 /* orxGraphic.h */,
				71612ED11F6FF4BD00932B46 /* orxScreenshot.h */,
				71612ED21F6FF4BD00932B46 /* orxText.h */,
				71612ED31F6FF4BD00932B46 /* orxTexture.h */,
			);
			path = display;
			sourceTree = "<group>";
		};
		71614CD31F6FF4C300932B46 /* io */ = {
			isa = PBXGroup;
			children = (
				71614CD41F6FF4C300932B46 /* orxFile.h */,
				71614CD51F6FF4C300932B46 /* orxInput.h */,
				71614CD61F6FF4C300932B46 /* orxJoystick.h */,
				71614CD71F6FF4C300932B46 /* orxKeyboard.h */,
				71614CD81F6FF4C300932B46 /* orxMouse.h */,
			);
			path = io;
			sourceTree = "<group>";
		};
		71614CD91F6FF4C300932B46 /* main */ = {
			isa = PBXGroup;
			children = (
				71614CDA1F6FF4C300932B46 /* orxAndroid.h */,
				71614CDB1F6FF4C300932B46 /* orxParam.h */,
			);
			path = main;
			sourceTree = "<group>";
		};
		71614CDC1F6FF4C300932B46 /* math */ = {
			isa = PBXGroup;
			children = (
				71614CDD1F6FF4C300932B46 /* orxAABox.h */,
				71614CDE1F6FF4C300932B46 /* orxMath.h */,
				71614CDF1F6FF4C300932B46 /* orxOBox.h */,
				71614CE01F6FF4C300932B46 /* orxVector.h */,
			);
			path = math;
			sourceTree = "<group>";
		};
		71614CE11F6FF4C300932B46 /* memory */ = {
			isa = PBXGroup;
			children = (
				71614CE21F6FF4C300932B46 /* orxBank.h */,
				71614CE31F6FF4C300932B46 /* orxMemory.h */,
			);
			path = memory;
			sourceTree = "<group>";
		};
		71614CE41F6FF4C300932B46 /* object */ = {
			isa = PBXGroup;
			children = (
				71614CE51F6FF4C300932B46 /* orxFrame.h */,
				71614CE61F6FF4C300932B46 /* orxFX.h */,
				71614CE71F6FF4C300932B46 /* orxFXPointer.h */,
				71614CE81F6FF4C300932B46 /* orxObject.h */,
				71614CE91F6FF4C300932B46 /* orxSpawner.h */,
				71614CEA1F6FF4C300932B46 /* orxStructure.h */,
				71614CEB1F6FF4C300932B46 /* orxTimeLine.h */,
			);
			path = object;
			sourceTree = "<group>";
		};
		71614CF11F6FF4C300932B46 /* physics */ = {
			isa = PBXGroup;
			children = (
				71614CF21F6FF4C300932B46 /* orxBody.h */,
				71614CF31F6FF4C300932B46 /* orxPhysics.h */,
			);
			path = physics;
			sourceTree = "<group>";
		};
		71614CF41F6FF4C300932B46 /* plugin */ = {
			isa = PBXGroup;
			children = (
				71614CF51F6FF4C400932B46 /* define */,
				71614CFF1F6FF4C400932B46 /* orxPlugin.h */,
				71614D001F6FF4C400932B46 /* orxPluginCore.h */,
				71614D011F6FF4C400932B46 /* orxPluginType.h */,
				71614D021F6FF4C400932B46 /* orxPluginUser.h */,
			);
			path = plugin;
			sourceTree = "<group>";
		};
		71614CF51F6FF4C400932B46 /* define */ = {
			isa = PBXGroup;
			children = (
				71614CF61F6FF4C400932B46 /* orxPlugin_CoreDefine.h */,
				71614CF71F6FF4C400932B46 /* orxPlugin_CoreID.h */,
				71614CF81F6FF4C400932B46 /* orxPlugin_Display.h */,
				71614CF91F6FF4C400932B46 /* orxPlugin_Joystick.h */,
				71614CFA1F6FF4C400932B46 /* orxPlugin_Keyboard.h */,
				71614CFB1F6FF4C400932B46 /* orxPlugin_Mouse.h */,
				71614CFC1F6FF4C400932B46 /* orxPlugin_Physics.h */,
				71614CFD1F6FF4C400932B46 /* orxPlugin_Render.h */,
				71614CFE1F6FF4C400932B46 /* orxPlugin_SoundSystem.h */,
			);
			path = define;
			sourceTree = "<group>";
		};
		71614D031F6FF4C400932B46 /* render */ = {
			isa = PBXGroup;
			children = (
				71614D041F6FF4C400932B46 /* orxCamera.h */,
				71614D051F6FF4C400932B46 /* orxRender.h */,
				71614D061F6FF4C400932B46 /* orxShader.h */,
				71614D071F6FF4C400932B46 /* orxShaderPointer.h */,
				71614D081F6FF4C400932B46 /* orxViewport.h */,
			);
			path = render;
			sourceTree = "<group>";
		};
		71614D091F6FF4C400932B46 /* sound */ = {
			isa = PBXGroup;
			children = (
				71614D0A1F6FF4C400932B46 /* orxSound.h */,
				71614D0B1F6FF4C400932B46 /* orxSoundPointer.h */,
				71614D0C1F6FF4C400932B46 /* orxSoundSystem.h */,
			);
			path = sound;
			sourceTree = "<group>";
		};
		71614D0D1F6FF4C400932B46 /* utils */ = {
			isa = PBXGroup;
			children = (
				71614D0E1F6FF4C400932B46 /* orxHashTable.h */,
				71614D0F1F6FF4C400932B46 /* orxLinkList.h */,
				71614D101F6FF4C400932B46 /* orxString.h */,
				71614D111F6FF4C400932B46 /* orxTree.h */,
			);
			path = utils;
			sourceTree = "<group>";
		};
		71614D151F6FF9BD00932B46 /* Meta */ = {
			isa = PBXGroup;
			children = (
				71614D181F6FFA7700932B46 /* LICENSE */,
				71614D161F6FF9CC00932B46 /* README.md */,
			);
			name = Meta;
			sourceTree = "<group>";
		};
		71614D191F6FFC3300932B46 /* data */ = {
			isa = PBXGroup;
			children = (
				71614D211F70036700932B46 /* phys */,
				71614D1A1F6FFC3300932B46 /* anim */,
			);
			path = data;
			sourceTree = "<group>";
		};
		71614D1A1F6FFC3300932B46 /* anim */ = {
			isa = PBXGroup;
			children = (
				71E2A3911FA5EC55000B3764 /* Died.png */,
				716CBE341F7936420034981A /* Bullet.png */,
				716CBE2B1F7918990034981A /* Enemy.png */,
				716CBE211F79077E0034981A /* Player.png */,
			);
			path = anim;
			sourceTree = "<group>";
		};
		71614D211F70036700932B46 /* phys */ = {
			isa = PBXGroup;
			children = (
				717293DC1F8D09FB00734F1D /* wall.png */,
			);
			path = phys;
			sourceTree = "<group>";
		};
		716CBE321F7919720034981A /* App */ = {
			isa = PBXGroup;
			children = (
				71ED0E6A1F6FF1920095D601 /* StandAlone.h */,
				71ED0E6B1F6FF24B0095D601 /* StandAlone.cpp */,
				71ED0E6D1F6FF3400095D601 /* Main.cpp */,
				711187421F7E28C80013A56F /* Environment.h */,
				711187411F7E28C80013A56F /* Environment.cpp */,
			);
			path = App;
			sourceTree = "<group>";
		};
		716CBE331F79197B0034981A /* Entities */ = {
			isa = PBXGroup;
			children = (
				716CBE261F790E1F0034981A /* Entity.h */,
				716CBE271F790E280034981A /* Entity.cpp */,
				71E2A3941FA5F013000B3764 /* Character.h */,
				71E2A3931FA5F013000B3764 /* Character.cpp */,
				716CBE241F790D4B0034981A /* Player.h */,
				716CBE231F790D4B0034981A /* Player.cpp */,
				716CBE301F7918F40034981A /* Enemy.h */,
				716CBE2F1F7918F40034981A /* Enemy.cpp */,
			);
			path = Entities;
			sourceTree = "<group>";
		};
		71A5EEA21FB1DCA8006BAE30 /* Items */ = {
			isa = PBXGroup;
			children = (
				71A5EEA41FB1DCDD006BAE30 /* Item.h */,
				71A5EEA31FB1DCDD006BAE30 /* Item.cpp */,
				71A5EEA71FB1DE24006BAE30 /* Obtainable.h */,
				71A5EEA61FB1DE24006BAE30 /* Obtainable.cpp */,
			);
			path = Items;
			sourceTree = "<group>";
		};
		71E2A38C1FA5B6D1000B3764 /* Metadata */ = {
			isa = PBXGroup;
			children = (
				71E2A38D1FA5B6F1000B3764 /* Info.plist */,
				71E2A38E1FA5B7E1000B3764 /* version.plist */,
			);
			path = Metadata;
			sourceTree = "<group>";
		};
		71ED0E521F6FF0950095D601 = {
			isa = PBXGroup;
			children = (
				71614D191F6FFC3300932B46 /* data */,
				71614D151F6FF9BD00932B46 /* Meta */,
				71612EB41F6FF4BD00932B46 /* inc */,
				71ED0E651F6FF0F90095D601 /* bin */,
				71ED0E671F6FF0F90095D601 /* lib */,
				71ED0E5D1F6FF0950095D601 /* Orx Vice */,
				71ED0E5C1F6FF0950095D601 /* Products */,
			);
			sourceTree = "<group>";
		};
		71ED0E5C1F6FF0950095D601 /* Products */ = {
			isa = PBXGroup;
			children = (
				71ED0E5B1F6FF0950095D601 /* Pixel Shootout */,
			);
			name = Products;
			sourceTree = "<group>";
		};
		71ED0E5D1F6FF0950095D601 /* Orx Vice */ = {
			isa = PBXGroup;
			children = (
				71E2A38C1FA5B6D1000B3764 /* Metadata */,
				71A5EEA21FB1DCA8006BAE30 /* Items */,
				712814801FB09CE600456037 /* Combat */,
				716CBE331F79197B0034981A /* Entities */,
				716CBE321F7919720034981A /* App */,
			);
			path = "Orx Vice";
			sourceTree = "<group>";
		};
		71ED0E651F6FF0F90095D601 /* bin */ = {
			isa = PBXGroup;
			children = (
				71ED0E6F1F6FF4030095D601 /* Pixel Shootout.ini */,
				71ED0E701F6FF4370095D601 /* MainMenu.ini */,
				71614D1D1F6FFC4F00932B46 /* StaticScene.ini */,
				716CBE291F7912C40034981A /* Entities.ini */,
				71E2A3961FA5F57D000B3764 /* UI.ini */,
			);
			path = bin;
			sourceTree = "<group>";
		};
		71ED0E671F6FF0F90095D601 /* lib */ = {
			isa = PBXGroup;
			children = (
				7105BE291F7CF5CE00331E6D /* liborxd.dylib */,
				71ED0E681F6FF0F90095D601 /* liborx.dylib */,
			);
			path = lib;
			sourceTree = "<group>";
		};
/* End PBXGroup section */

/* Begin PBXNativeTarget section */
		71ED0E5A1F6FF0950095D601 /* Pixel Shootout */ = {
			isa = PBXNativeTarget;
			buildConfigurationList = 71ED0E621F6FF0950095D601 /* Build configuration list for PBXNativeTarget "Pixel Shootout" */;
			buildPhases = (
				71ED0E571F6FF0950095D601 /* Sources */,
				71ED0E581F6FF0950095D601 /* Frameworks */,
				71ED0E591F6FF0950095D601 /* CopyFiles */,
			);
			buildRules = (
			);
			dependencies = (
			);
			name = "Pixel Shootout";
			productName = "Orx Vice";
			productReference = 71ED0E5B1F6FF0950095D601 /* Pixel Shootout */;
			productType = "com.apple.product-type.tool";
		};
/* End PBXNativeTarget section */

/* Begin PBXProject section */
		71ED0E531F6FF0950095D601 /* Project object */ = {
			isa = PBXProject;
			attributes = {
				LastUpgradeCheck = 0900;
				ORGANIZATIONNAME = Arc676;
				TargetAttributes = {
					71ED0E5A1F6FF0950095D601 = {
						CreatedOnToolsVersion = 8.3;
						DevelopmentTeam = T42F23M422;
						ProvisioningStyle = Automatic;
					};
				};
			};
			buildConfigurationList = 71ED0E561F6FF0950095D601 /* Build configuration list for PBXProject "Orx Vice" */;
			compatibilityVersion = "Xcode 3.2";
			developmentRegion = English;
			hasScannedForEncodings = 0;
			knownRegions = (
				en,
			);
			mainGroup = 71ED0E521F6FF0950095D601;
			productRefGroup = 71ED0E5C1F6FF0950095D601 /* Products */;
			projectDirPath = "";
			projectRoot = "";
			targets = (
				71ED0E5A1F6FF0950095D601 /* Pixel Shootout */,
			);
		};
/* End PBXProject section */

/* Begin PBXSourcesBuildPhase section */
		71ED0E571F6FF0950095D601 /* Sources */ = {
			isa = PBXSourcesBuildPhase;
			buildActionMask = 2147483647;
			files = (
				716CBE281F790E280034981A /* Entity.cpp in Sources */,
				716CBE371F79385B0034981A /* Bullet.cpp in Sources */,
				71ED0E6E1F6FF3400095D601 /* Main.cpp in Sources */,
				71E2A3951FA5F013000B3764 /* Character.cpp in Sources */,
				71A5EEA51FB1DCDD006BAE30 /* Item.cpp in Sources */,
				716CBE311F7918F40034981A /* Enemy.cpp in Sources */,
				71ED0E6C1F6FF24B0095D601 /* StandAlone.cpp in Sources */,
				71A5EEA81FB1DE24006BAE30 /* Obtainable.cpp in Sources */,
				716CBE251F790D4B0034981A /* Player.cpp in Sources */,
				712814831FB09D7E00456037 /* Weapon.cpp in Sources */,
				711187431F7E28C80013A56F /* Environment.cpp in Sources */,
			);
			runOnlyForDeploymentPostprocessing = 0;
		};
/* End PBXSourcesBuildPhase section */

/* Begin XCBuildConfiguration section */
		71ED0E601F6FF0950095D601 /* Debug */ = {
			isa = XCBuildConfiguration;
			buildSettings = {
				ALWAYS_SEARCH_USER_PATHS = NO;
				CLANG_ANALYZER_NONNULL = YES;
				CLANG_ANALYZER_NUMBER_OBJECT_CONVERSION = YES_AGGRESSIVE;
				CLANG_CXX_LANGUAGE_STANDARD = "gnu++0x";
				CLANG_CXX_LIBRARY = "libc++";
				CLANG_ENABLE_MODULES = YES;
				CLANG_ENABLE_OBJC_ARC = YES;
				CLANG_WARN_BLOCK_CAPTURE_AUTORELEASING = YES;
				CLANG_WARN_BOOL_CONVERSION = YES;
				CLANG_WARN_COMMA = YES;
				CLANG_WARN_CONSTANT_CONVERSION = YES;
				CLANG_WARN_DIRECT_OBJC_ISA_USAGE = YES_ERROR;
				CLANG_WARN_DOCUMENTATION_COMMENTS = YES;
				CLANG_WARN_EMPTY_BODY = YES;
				CLANG_WARN_ENUM_CONVERSION = YES;
				CLANG_WARN_INFINITE_RECURSION = YES;
				CLANG_WARN_INT_CONVERSION = YES;
				CLANG_WARN_NON_LITERAL_NULL_CONVERSION = YES;
				CLANG_WARN_OBJC_LITERAL_CONVERSION = YES;
				CLANG_WARN_OBJC_ROOT_CLASS = YES_ERROR;
				CLANG_WARN_RANGE_LOOP_ANALYSIS = YES;
				CLANG_WARN_STRICT_PROTOTYPES = YES;
				CLANG_WARN_SUSPICIOUS_MOVE = YES;
				CLANG_WARN_UNREACHABLE_CODE = YES;
				CLANG_WARN__DUPLICATE_METHOD_MATCH = YES;
				CODE_SIGN_IDENTITY = "-";
				COPY_PHASE_STRIP = NO;
				DEBUG_INFORMATION_FORMAT = dwarf;
				ENABLE_STRICT_OBJC_MSGSEND = YES;
				ENABLE_TESTABILITY = YES;
				GCC_C_LANGUAGE_STANDARD = gnu99;
				GCC_DYNAMIC_NO_PIC = NO;
				GCC_NO_COMMON_BLOCKS = YES;
				GCC_OPTIMIZATION_LEVEL = 0;
				GCC_PREPROCESSOR_DEFINITIONS = (
					"DEBUG=1",
					"$(inherited)",
				);
				GCC_WARN_64_TO_32_BIT_CONVERSION = YES;
				GCC_WARN_ABOUT_RETURN_TYPE = YES_ERROR;
				GCC_WARN_UNDECLARED_SELECTOR = YES;
				GCC_WARN_UNINITIALIZED_AUTOS = YES_AGGRESSIVE;
				GCC_WARN_UNUSED_FUNCTION = YES;
				GCC_WARN_UNUSED_VARIABLE = YES;
				INCLUDED_RECURSIVE_SEARCH_PATH_SUBDIRECTORIES = inc;
				MACOSX_DEPLOYMENT_TARGET = 10.12;
				MTL_ENABLE_DEBUG_INFO = YES;
				ONLY_ACTIVE_ARCH = YES;
				SDKROOT = macosx;
			};
			name = Debug;
		};
		71ED0E611F6FF0950095D601 /* Release */ = {
			isa = XCBuildConfiguration;
			buildSettings = {
				ALWAYS_SEARCH_USER_PATHS = NO;
				CLANG_ANALYZER_NONNULL = YES;
				CLANG_ANALYZER_NUMBER_OBJECT_CONVERSION = YES_AGGRESSIVE;
				CLANG_CXX_LANGUAGE_STANDARD = "gnu++0x";
				CLANG_CXX_LIBRARY = "libc++";
				CLANG_ENABLE_MODULES = YES;
				CLANG_ENABLE_OBJC_ARC = YES;
				CLANG_WARN_BLOCK_CAPTURE_AUTORELEASING = YES;
				CLANG_WARN_BOOL_CONVERSION = YES;
				CLANG_WARN_COMMA = YES;
				CLANG_WARN_CONSTANT_CONVERSION = YES;
				CLANG_WARN_DIRECT_OBJC_ISA_USAGE = YES_ERROR;
				CLANG_WARN_DOCUMENTATION_COMMENTS = YES;
				CLANG_WARN_EMPTY_BODY = YES;
				CLANG_WARN_ENUM_CONVERSION = YES;
				CLANG_WARN_INFINITE_RECURSION = YES;
				CLANG_WARN_INT_CONVERSION = YES;
				CLANG_WARN_NON_LITERAL_NULL_CONVERSION = YES;
				CLANG_WARN_OBJC_LITERAL_CONVERSION = YES;
				CLANG_WARN_OBJC_ROOT_CLASS = YES_ERROR;
				CLANG_WARN_RANGE_LOOP_ANALYSIS = YES;
				CLANG_WARN_STRICT_PROTOTYPES = YES;
				CLANG_WARN_SUSPICIOUS_MOVE = YES;
				CLANG_WARN_UNREACHABLE_CODE = YES;
				CLANG_WARN__DUPLICATE_METHOD_MATCH = YES;
				CODE_SIGN_IDENTITY = "-";
				COPY_PHASE_STRIP = NO;
				DEBUG_INFORMATION_FORMAT = "dwarf-with-dsym";
				ENABLE_NS_ASSERTIONS = NO;
				ENABLE_STRICT_OBJC_MSGSEND = YES;
				GCC_C_LANGUAGE_STANDARD = gnu99;
				GCC_NO_COMMON_BLOCKS = YES;
				GCC_WARN_64_TO_32_BIT_CONVERSION = YES;
				GCC_WARN_ABOUT_RETURN_TYPE = YES_ERROR;
				GCC_WARN_UNDECLARED_SELECTOR = YES;
				GCC_WARN_UNINITIALIZED_AUTOS = YES_AGGRESSIVE;
				GCC_WARN_UNUSED_FUNCTION = YES;
				GCC_WARN_UNUSED_VARIABLE = YES;
				INCLUDED_RECURSIVE_SEARCH_PATH_SUBDIRECTORIES = inc;
				MACOSX_DEPLOYMENT_TARGET = 10.12;
				MTL_ENABLE_DEBUG_INFO = NO;
				SDKROOT = macosx;
			};
			name = Release;
		};
		71ED0E631F6FF0950095D601 /* Debug */ = {
			isa = XCBuildConfiguration;
			buildSettings = {
				ALWAYS_SEARCH_USER_PATHS = YES;
				DEVELOPMENT_TEAM = T42F23M422;
				INCLUDED_RECURSIVE_SEARCH_PATH_SUBDIRECTORIES = inc;
				INFOPLIST_FILE = "$(SRCROOT)/Orx Vice/Metadata/Info.plist";
				LIBRARY_SEARCH_PATHS = (
					"$(inherited)",
					"$(PROJECT_DIR)/lib",
				);
				PRODUCT_BUNDLE_IDENTIFIER = "com.arc676.pixel-shootout";
				PRODUCT_NAME = "$(TARGET_NAME)";
				USER_HEADER_SEARCH_PATHS = "inc/**";
			};
			name = Debug;
		};
		71ED0E641F6FF0950095D601 /* Release */ = {
			isa = XCBuildConfiguration;
			buildSettings = {
				ALWAYS_SEARCH_USER_PATHS = YES;
				DEVELOPMENT_TEAM = T42F23M422;
				INCLUDED_RECURSIVE_SEARCH_PATH_SUBDIRECTORIES = inc;
				INFOPLIST_FILE = "$(SRCROOT)/Orx Vice/Metadata/Info.plist";
				LIBRARY_SEARCH_PATHS = (
					"$(inherited)",
					"$(PROJECT_DIR)/lib",
				);
				PRODUCT_BUNDLE_IDENTIFIER = "com.arc676.pixel-shootout";
				PRODUCT_NAME = "$(TARGET_NAME)";
				USER_HEADER_SEARCH_PATHS = "inc/**";
			};
			name = Release;
		};
/* End XCBuildConfiguration section */

/* Begin XCConfigurationList section */
		71ED0E561F6FF0950095D601 /* Build configuration list for PBXProject "Orx Vice" */ = {
			isa = XCConfigurationList;
			buildConfigurations = (
				71ED0E601F6FF0950095D601 /* Debug */,
				71ED0E611F6FF0950095D601 /* Release */,
			);
			defaultConfigurationIsVisible = 0;
			defaultConfigurationName = Release;
		};
		71ED0E621F6FF0950095D601 /* Build configuration list for PBXNativeTarget "Pixel Shootout" */ = {
			isa = XCConfigurationList;
			buildConfigurations = (
				71ED0E631F6FF0950095D601 /* Debug */,
				71ED0E641F6FF0950095D601 /* Release */,
			);
			defaultConfigurationIsVisible = 0;
			defaultConfigurationName = Release;
		};
/* End XCConfigurationList section */
	};
	rootObject = 71ED0E531F6FF0950095D601 /* Project object */;
}
